{
  "name": "monday-app",
  "version": "0.1.0",
  "lockfileVersion": 1,
  "requires": true,
  "dependencies": {
    "@types/source-map": {
      "version": "0.5.7",
      "resolved": "https://registry.npmjs.org/@types/source-map/-/source-map-0.5.7.tgz",
      "integrity": "sha512-LrnsgZIfJaysFkv9rRJp4/uAyqw87oVed3s1hhF83nwbo9c7MG9g5DqR0seHP+lkX4ldmMrVolPjQSe2ZfD0yA==",
      "requires": {
        "source-map": "*"
      }
    },
    "monday-sdk-js": {
      "version": "0.1.0",
      "resolved": "https://registry.npmjs.org/monday-sdk-js/-/monday-sdk-js-0.1.0.tgz",
      "integrity": "sha512-ZLup62WZb67EvsN5Lg+G6q+YBrlTj/fZnGv1ji2Q1UzgNJmSkdgoi5uRQvhbJQO/p/Hwl+rA5wkzFMFa5yiCJg==",
      "requires": {
        "@types/source-map": "^0.5.2",
        "node-fetch": "^2.6.0"
      }
    },
    "node-fetch": {
      "version": "2.6.0",
      "resolved": "https://registry.npmjs.org/node-fetch/-/node-fetch-2.6.0.tgz",
      "integrity": "sha512-8dG4H5ujfvFiqDmVu9fQ5bOHUC15JMjMY/Zumv26oOvvVJjM67KF8koCWIabKQ1GJIa9r2mMZscBq/TbdOcmNA=="
    },
    "source-map": {
      "version": "0.7.3",
      "resolved": "https://registry.npmjs.org/source-map/-/source-map-0.7.3.tgz",
      "integrity": "sha512-CkCj6giN3S+n9qrYiBTX5gystlENnRW5jZeNLHpe6aue+SrHcG5VYwujhW9s4dY31mEGsxBDrHR6oI69fTXsaQ=="
    }
  }
}
